{
  "name": "better-yahoo",
  "version": "0.0.0",
  "lockfileVersion": 3,
  "requires": true,
  "packages": {
    "": {
      "name": "better-yahoo",
      "version": "0.0.0",
      "dependencies": {
        "flowbite-svelte": "^0.47.3",
        "siema": "^1.5.1",
        "svelte-carousel": "^1.0.25"
      },
      "devDependencies": {
        "@sveltejs/vite-plugin-svelte": "^3.1.2",
        "svelte": "^4.2.18",
        "svelte-carousel": "^1.0.25",
        "vite": "^5.4.1"
      }
    },
    "node_modules/@ampproject/remapping": {
      "version": "2.3.0",
      "license": "Apache-2.0",
      "dependencies": {
        "@jridgewell/gen-mapping": "^0.3.5",
        "@jridgewell/trace-mapping": "^0.3.24"
      },
      "engines": {
        "node": ">=6.0.0"
      }
    },
    "node_modules/@esbuild/win32-x64": {
      "version": "0.21.5",
      "cpu": [
        "x64"
      ],
      "dev": true,
      "license": "MIT",
      "optional": true,
      "os": [
        "win32"
      ],
      "engines": {
        "node": ">=12"
      }
    },
    "node_modules/@floating-ui/core": {
      "version": "1.6.8",
      "license": "MIT",
      "dependencies": {
        "@floating-ui/utils": "^0.2.8"
      }
    },
    "node_modules/@floating-ui/dom": {
      "version": "1.6.12",
      "license": "MIT",
      "dependencies": {
        "@floating-ui/core": "^1.6.0",
        "@floating-ui/utils": "^0.2.8"
      }
    },
    "node_modules/@floating-ui/utils": {
      "version": "0.2.8",
      "license": "MIT"
    },
    "node_modules/@jridgewell/gen-mapping": {
      "version": "0.3.5",
      "license": "MIT",
      "dependencies": {
        "@jridgewell/set-array": "^1.2.1",
        "@jridgewell/sourcemap-codec": "^1.4.10",
        "@jridgewell/trace-mapping": "^0.3.24"
      },
      "engines": {
        "node": ">=6.0.0"
      }
    },
    "node_modules/@jridgewell/resolve-uri": {
      "version": "3.1.2",
      "license": "MIT",
      "engines": {
        "node": ">=6.0.0"
      }
    },
    "node_modules/@jridgewell/set-array": {
      "version": "1.2.1",
      "license": "MIT",
      "engines": {
        "node": ">=6.0.0"
      }
    },
    "node_modules/@jridgewell/sourcemap-codec": {
      "version": "1.5.0",
      "license": "MIT"
    },
    "node_modules/@jridgewell/trace-mapping": {
      "version": "0.3.25",
      "license": "MIT",
      "dependencies": {
        "@jridgewell/resolve-uri": "^3.1.0",
        "@jridgewell/sourcemap-codec": "^1.4.14"
      }
    },
    "node_modules/@popperjs/core": {
      "version": "2.11.8",
      "license": "MIT",
      "funding": {
        "type": "opencollective",
        "url": "https://opencollective.com/popperjs"
      }
    },
    "node_modules/@rollup/plugin-node-resolve": {
      "version": "15.3.0",
      "license": "MIT",
      "dependencies": {
        "@rollup/pluginutils": "^5.0.1",
        "@types/resolve": "1.20.2",
        "deepmerge": "^4.2.2",
        "is-module": "^1.0.0",
        "resolve": "^1.22.1"
      },
      "engines": {
        "node": ">=14.0.0"
      },
      "peerDependencies": {
        "rollup": "^2.78.0||^3.0.0||^4.0.0"
      },
      "peerDependenciesMeta": {
        "rollup": {
          "optional": true
        }
      }
    },
    "node_modules/@rollup/pluginutils": {
      "version": "5.1.3",
      "license": "MIT",
      "dependencies": {
        "@types/estree": "^1.0.0",
        "estree-walker": "^2.0.2",
        "picomatch": "^4.0.2"
      },
      "engines": {
        "node": ">=14.0.0"
      },
      "peerDependencies": {
        "rollup": "^1.20.0||^2.0.0||^3.0.0||^4.0.0"
      },
      "peerDependenciesMeta": {
        "rollup": {
          "optional": true
        }
      }
    },
    "node_modules/@rollup/pluginutils/node_modules/estree-walker": {
      "version": "2.0.2",
      "license": "MIT"
    },
    "node_modules/@rollup/rollup-android-arm-eabi": {
      "version": "4.26.0",
      "resolved": "https://registry.npmjs.org/@rollup/rollup-android-arm-eabi/-/rollup-android-arm-eabi-4.26.0.tgz",
      "integrity": "sha512-gJNwtPDGEaOEgejbaseY6xMFu+CPltsc8/T+diUTTbOQLqD+bnrJq9ulH6WD69TqwqWmrfRAtUv30cCFZlbGTQ==",
      "cpu": [
        "arm"
      ],
      "dev": true,
      "optional": true,
      "os": [
        "android"
      ]
    },
    "node_modules/@rollup/rollup-android-arm64": {
      "version": "4.26.0",
      "resolved": "https://registry.npmjs.org/@rollup/rollup-android-arm64/-/rollup-android-arm64-4.26.0.tgz",
      "integrity": "sha512-YJa5Gy8mEZgz5JquFruhJODMq3lTHWLm1fOy+HIANquLzfIOzE9RA5ie3JjCdVb9r46qfAQY/l947V0zfGJ0OQ==",
      "cpu": [
        "arm64"
      ],
      "dev": true,
      "optional": true,
      "os": [
        "android"
      ]
    },
    "node_modules/@rollup/rollup-darwin-arm64": {
      "version": "4.26.0",
      "resolved": "https://registry.npmjs.org/@rollup/rollup-darwin-arm64/-/rollup-darwin-arm64-4.26.0.tgz",
      "integrity": "sha512-ErTASs8YKbqTBoPLp/kA1B1Um5YSom8QAc4rKhg7b9tyyVqDBlQxy7Bf2wW7yIlPGPg2UODDQcbkTlruPzDosw==",
      "cpu": [
        "arm64"
      ],
      "dev": true,
      "optional": true,
      "os": [
        "darwin"
      ]
    },
    "node_modules/@rollup/rollup-darwin-x64": {
      "version": "4.26.0",
      "resolved": "https://registry.npmjs.org/@rollup/rollup-darwin-x64/-/rollup-darwin-x64-4.26.0.tgz",
      "integrity": "sha512-wbgkYDHcdWW+NqP2mnf2NOuEbOLzDblalrOWcPyY6+BRbVhliavon15UploG7PpBRQ2bZJnbmh8o3yLoBvDIHA==",
      "cpu": [
        "x64"
      ],
      "dev": true,
      "optional": true,
      "os": [
        "darwin"
      ]
    },
    "node_modules/@rollup/rollup-freebsd-arm64": {
      "version": "4.26.0",
      "resolved": "https://registry.npmjs.org/@rollup/rollup-freebsd-arm64/-/rollup-freebsd-arm64-4.26.0.tgz",
      "integrity": "sha512-Y9vpjfp9CDkAG4q/uwuhZk96LP11fBz/bYdyg9oaHYhtGZp7NrbkQrj/66DYMMP2Yo/QPAsVHkV891KyO52fhg==",
      "cpu": [
        "arm64"
      ],
      "dev": true,
      "optional": true,
      "os": [
        "freebsd"
      ]
    },
    "node_modules/@rollup/rollup-freebsd-x64": {
      "version": "4.26.0",
      "resolved": "https://registry.npmjs.org/@rollup/rollup-freebsd-x64/-/rollup-freebsd-x64-4.26.0.tgz",
      "integrity": "sha512-A/jvfCZ55EYPsqeaAt/yDAG4q5tt1ZboWMHEvKAH9Zl92DWvMIbnZe/f/eOXze65aJaaKbL+YeM0Hz4kLQvdwg==",
      "cpu": [
        "x64"
      ],
      "dev": true,
      "optional": true,
      "os": [
        "freebsd"
      ]
    },
    "node_modules/@rollup/rollup-linux-arm-gnueabihf": {
      "version": "4.26.0",
      "resolved": "https://registry.npmjs.org/@rollup/rollup-linux-arm-gnueabihf/-/rollup-linux-arm-gnueabihf-4.26.0.tgz",
      "integrity": "sha512-paHF1bMXKDuizaMODm2bBTjRiHxESWiIyIdMugKeLnjuS1TCS54MF5+Y5Dx8Ui/1RBPVRE09i5OUlaLnv8OGnA==",
      "cpu": [
        "arm"
      ],
      "dev": true,
      "optional": true,
      "os": [
        "linux"
      ]
    },
    "node_modules/@rollup/rollup-linux-arm-musleabihf": {
      "version": "4.26.0",
      "resolved": "https://registry.npmjs.org/@rollup/rollup-linux-arm-musleabihf/-/rollup-linux-arm-musleabihf-4.26.0.tgz",
      "integrity": "sha512-cwxiHZU1GAs+TMxvgPfUDtVZjdBdTsQwVnNlzRXC5QzIJ6nhfB4I1ahKoe9yPmoaA/Vhf7m9dB1chGPpDRdGXg==",
      "cpu": [
        "arm"
      ],
      "dev": true,
      "optional": true,
      "os": [
        "linux"
      ]
    },
    "node_modules/@rollup/rollup-linux-arm64-gnu": {
      "version": "4.26.0",
      "resolved": "https://registry.npmjs.org/@rollup/rollup-linux-arm64-gnu/-/rollup-linux-arm64-gnu-4.26.0.tgz",
      "integrity": "sha512-4daeEUQutGRCW/9zEo8JtdAgtJ1q2g5oHaoQaZbMSKaIWKDQwQ3Yx0/3jJNmpzrsScIPtx/V+1AfibLisb3AMQ==",
      "cpu": [
        "arm64"
      ],
      "dev": true,
      "optional": true,
      "os": [
        "linux"
      ]
    },
    "node_modules/@rollup/rollup-linux-arm64-musl": {
      "version": "4.26.0",
      "resolved": "https://registry.npmjs.org/@rollup/rollup-linux-arm64-musl/-/rollup-linux-arm64-musl-4.26.0.tgz",
      "integrity": "sha512-eGkX7zzkNxvvS05ROzJ/cO/AKqNvR/7t1jA3VZDi2vRniLKwAWxUr85fH3NsvtxU5vnUUKFHKh8flIBdlo2b3Q==",
      "cpu": [
        "arm64"
      ],
      "dev": true,
      "optional": true,
      "os": [
        "linux"
      ]
    },
    "node_modules/@rollup/rollup-linux-powerpc64le-gnu": {
      "version": "4.26.0",
      "resolved": "https://registry.npmjs.org/@rollup/rollup-linux-powerpc64le-gnu/-/rollup-linux-powerpc64le-gnu-4.26.0.tgz",
      "integrity": "sha512-Odp/lgHbW/mAqw/pU21goo5ruWsytP7/HCC/liOt0zcGG0llYWKrd10k9Fj0pdj3prQ63N5yQLCLiE7HTX+MYw==",
      "cpu": [
        "ppc64"
      ],
      "dev": true,
      "optional": true,
      "os": [
        "linux"
      ]
    },
    "node_modules/@rollup/rollup-linux-riscv64-gnu": {
      "version": "4.26.0",
      "resolved": "https://registry.npmjs.org/@rollup/rollup-linux-riscv64-gnu/-/rollup-linux-riscv64-gnu-4.26.0.tgz",
      "integrity": "sha512-MBR2ZhCTzUgVD0OJdTzNeF4+zsVogIR1U/FsyuFerwcqjZGvg2nYe24SAHp8O5sN8ZkRVbHwlYeHqcSQ8tcYew==",
      "cpu": [
        "riscv64"
      ],
      "dev": true,
      "optional": true,
      "os": [
        "linux"
      ]
    },
    "node_modules/@rollup/rollup-linux-s390x-gnu": {
      "version": "4.26.0",
      "resolved": "https://registry.npmjs.org/@rollup/rollup-linux-s390x-gnu/-/rollup-linux-s390x-gnu-4.26.0.tgz",
      "integrity": "sha512-YYcg8MkbN17fMbRMZuxwmxWqsmQufh3ZJFxFGoHjrE7bv0X+T6l3glcdzd7IKLiwhT+PZOJCblpnNlz1/C3kGQ==",
      "cpu": [
        "s390x"
      ],
      "dev": true,
      "optional": true,
      "os": [
        "linux"
      ]
    },
    "node_modules/@rollup/rollup-linux-x64-gnu": {
      "version": "4.26.0",
      "resolved": "https://registry.npmjs.org/@rollup/rollup-linux-x64-gnu/-/rollup-linux-x64-gnu-4.26.0.tgz",
      "integrity": "sha512-ZuwpfjCwjPkAOxpjAEjabg6LRSfL7cAJb6gSQGZYjGhadlzKKywDkCUnJ+KEfrNY1jH5EEoSIKLCb572jSiglA==",
      "cpu": [
        "x64"
      ],
      "dev": true,
      "optional": true,
      "os": [
        "linux"
      ]
    },
    "node_modules/@rollup/rollup-linux-x64-musl": {
      "version": "4.26.0",
      "resolved": "https://registry.npmjs.org/@rollup/rollup-linux-x64-musl/-/rollup-linux-x64-musl-4.26.0.tgz",
      "integrity": "sha512-+HJD2lFS86qkeF8kNu0kALtifMpPCZU80HvwztIKnYwym3KnA1os6nsX4BGSTLtS2QVAGG1P3guRgsYyMA0Yhg==",
      "cpu": [
        "x64"
      ],
      "dev": true,
      "optional": true,
      "os": [
        "linux"
      ]
    },
    "node_modules/@rollup/rollup-win32-arm64-msvc": {
      "version": "4.26.0",
      "resolved": "https://registry.npmjs.org/@rollup/rollup-win32-arm64-msvc/-/rollup-win32-arm64-msvc-4.26.0.tgz",
      "integrity": "sha512-WUQzVFWPSw2uJzX4j6YEbMAiLbs0BUysgysh8s817doAYhR5ybqTI1wtKARQKo6cGop3pHnrUJPFCsXdoFaimQ==",
      "cpu": [
        "arm64"
      ],
      "dev": true,
      "optional": true,
      "os": [
        "win32"
      ]
    },
    "node_modules/@rollup/rollup-win32-ia32-msvc": {
      "version": "4.26.0",
      "resolved": "https://registry.npmjs.org/@rollup/rollup-win32-ia32-msvc/-/rollup-win32-ia32-msvc-4.26.0.tgz",
      "integrity": "sha512-D4CxkazFKBfN1akAIY6ieyOqzoOoBV1OICxgUblWxff/pSjCA2khXlASUx7mK6W1oP4McqhgcCsu6QaLj3WMWg==",
      "cpu": [
        "ia32"
      ],
      "dev": true,
      "optional": true,
      "os": [
        "win32"
      ]
    },
    "node_modules/@sveltejs/vite-plugin-svelte": {
      "version": "3.1.2",
      "dev": true,
      "license": "MIT",
      "dependencies": {
        "@sveltejs/vite-plugin-svelte-inspector": "^2.1.0",
        "debug": "^4.3.4",
        "deepmerge": "^4.3.1",
        "kleur": "^4.1.5",
        "magic-string": "^0.30.10",
        "svelte-hmr": "^0.16.0",
        "vitefu": "^0.2.5"
      },
      "engines": {
        "node": "^18.0.0 || >=20"
      },
      "peerDependencies": {
        "svelte": "^4.0.0 || ^5.0.0-next.0",
        "vite": "^5.0.0"
      }
    },
    "node_modules/@sveltejs/vite-plugin-svelte-inspector": {
      "version": "2.1.0",
      "dev": true,
      "license": "MIT",
      "dependencies": {
        "debug": "^4.3.4"
      },
      "engines": {
        "node": "^18.0.0 || >=20"
      },
      "peerDependencies": {
        "@sveltejs/vite-plugin-svelte": "^3.0.0",
        "svelte": "^4.0.0 || ^5.0.0-next.0",
        "vite": "^5.0.0"
      }
    },
    "node_modules/@types/estree": {
      "version": "1.0.6",
      "license": "MIT"
    },
    "node_modules/@types/resolve": {
      "version": "1.20.2",
      "license": "MIT"
    },
    "node_modules/@yr/monotone-cubic-spline": {
      "version": "1.0.3",
      "license": "MIT"
    },
    "node_modules/acorn": {
      "version": "8.14.0",
      "license": "MIT",
      "bin": {
        "acorn": "bin/acorn"
      },
      "engines": {
        "node": ">=0.4.0"
      }
    },
    "node_modules/apexcharts": {
      "version": "3.54.1",
      "license": "MIT",
      "dependencies": {
        "@yr/monotone-cubic-spline": "^1.0.3",
        "svg.draggable.js": "^2.2.2",
        "svg.easing.js": "^2.0.0",
        "svg.filter.js": "^2.0.2",
        "svg.pathmorphing.js": "^0.1.3",
        "svg.resize.js": "^1.4.3",
        "svg.select.js": "^3.0.1"
      }
    },
    "node_modules/aria-query": {
      "version": "5.3.2",
      "license": "Apache-2.0",
      "engines": {
        "node": ">= 0.4"
      }
    },
    "node_modules/axobject-query": {
      "version": "4.1.0",
      "license": "Apache-2.0",
      "engines": {
        "node": ">= 0.4"
      }
    },
    "node_modules/code-red": {
      "version": "1.0.4",
      "license": "MIT",
      "dependencies": {
        "@jridgewell/sourcemap-codec": "^1.4.15",
        "@types/estree": "^1.0.1",
        "acorn": "^8.10.0",
        "estree-walker": "^3.0.3",
        "periscopic": "^3.1.0"
      }
    },
    "node_modules/css-tree": {
      "version": "2.3.1",
      "license": "MIT",
      "dependencies": {
        "mdn-data": "2.0.30",
        "source-map-js": "^1.0.1"
      },
      "engines": {
        "node": "^10 || ^12.20.0 || ^14.13.0 || >=15.0.0"
      }
    },
    "node_modules/debug": {
      "version": "4.3.7",
      "dev": true,
      "license": "MIT",
      "dependencies": {
        "ms": "^2.1.3"
      },
      "engines": {
        "node": ">=6.0"
      },
      "peerDependenciesMeta": {
        "supports-color": {
          "optional": true
        }
      }
    },
    "node_modules/deepmerge": {
      "version": "4.3.1",
      "license": "MIT",
      "engines": {
        "node": ">=0.10.0"
      }
    },
    "node_modules/easy-reactive": {
      "version": "1.0.4",
      "dev": true,
      "license": "Apache-2.0",
      "dependencies": {
        "lodash.clonedeep": "^4.5.0",
        "lodash.get": "^4.4.2",
        "lodash.isequal": "^4.5.0"
      }
    },
    "node_modules/esbuild": {
      "version": "0.21.5",
      "dev": true,
      "hasInstallScript": true,
      "license": "MIT",
      "bin": {
        "esbuild": "bin/esbuild"
      },
      "engines": {
        "node": ">=12"
      },
      "optionalDependencies": {
        "@esbuild/aix-ppc64": "0.21.5",
        "@esbuild/android-arm": "0.21.5",
        "@esbuild/android-arm64": "0.21.5",
        "@esbuild/android-x64": "0.21.5",
        "@esbuild/darwin-arm64": "0.21.5",
        "@esbuild/darwin-x64": "0.21.5",
        "@esbuild/freebsd-arm64": "0.21.5",
        "@esbuild/freebsd-x64": "0.21.5",
        "@esbuild/linux-arm": "0.21.5",
        "@esbuild/linux-arm64": "0.21.5",
        "@esbuild/linux-ia32": "0.21.5",
        "@esbuild/linux-loong64": "0.21.5",
        "@esbuild/linux-mips64el": "0.21.5",
        "@esbuild/linux-ppc64": "0.21.5",
        "@esbuild/linux-riscv64": "0.21.5",
        "@esbuild/linux-s390x": "0.21.5",
        "@esbuild/linux-x64": "0.21.5",
        "@esbuild/netbsd-x64": "0.21.5",
        "@esbuild/openbsd-x64": "0.21.5",
        "@esbuild/sunos-x64": "0.21.5",
        "@esbuild/win32-arm64": "0.21.5",
        "@esbuild/win32-ia32": "0.21.5",
        "@esbuild/win32-x64": "0.21.5"
      }
    },
    "node_modules/estree-walker": {
      "version": "3.0.3",
      "license": "MIT",
      "dependencies": {
        "@types/estree": "^1.0.0"
      }
    },
    "node_modules/flowbite": {
      "version": "2.5.2",
      "license": "MIT",
      "dependencies": {
        "@popperjs/core": "^2.9.3",
        "flowbite-datepicker": "^1.3.0",
        "mini-svg-data-uri": "^1.4.3"
      }
    },
    "node_modules/flowbite-datepicker": {
      "version": "1.3.0",
      "license": "MIT",
      "dependencies": {
        "@rollup/plugin-node-resolve": "^15.2.3",
        "flowbite": "^2.0.0"
      }
    },
    "node_modules/flowbite-svelte": {
      "version": "0.47.3",
      "license": "MIT",
      "dependencies": {
        "@floating-ui/dom": "^1.6.11",
        "apexcharts": "^3.54.1",
        "flowbite": "^2.5.2",
        "tailwind-merge": "^2.5.4"
      },
      "engines": {
        "node": ">=18.0.0",
        "pnpm": ">=8.0.0"
      },
      "peerDependencies": {
        "svelte": "^3.55.1 || ^4.0.0 || ^5.0.0"
      }
    },
    "node_modules/fsevents": {
      "version": "2.3.3",
      "resolved": "https://registry.npmjs.org/fsevents/-/fsevents-2.3.3.tgz",
      "integrity": "sha512-5xoDfX+fL7faATnagmWPpbFtwh/R77WmMMqqHGS65C3vvB0YHrgF+B1YmZ3441tMj5n63k0212XNoJwzlhffQw==",
      "dev": true,
      "hasInstallScript": true,
      "optional": true,
      "os": [
        "darwin"
      ],
      "engines": {
        "node": "^8.16.0 || ^10.6.0 || >=11.0.0"
      }
    },
    "node_modules/function-bind": {
      "version": "1.1.2",
      "license": "MIT",
      "funding": {
        "url": "https://github.com/sponsors/ljharb"
      }
    },
    "node_modules/hasown": {
      "version": "2.0.2",
      "license": "MIT",
      "dependencies": {
        "function-bind": "^1.1.2"
      },
      "engines": {
        "node": ">= 0.4"
      }
    },
    "node_modules/is-core-module": {
      "version": "2.15.1",
      "license": "MIT",
      "dependencies": {
        "hasown": "^2.0.2"
      },
      "engines": {
        "node": ">= 0.4"
      },
      "funding": {
        "url": "https://github.com/sponsors/ljharb"
      }
    },
    "node_modules/is-module": {
      "version": "1.0.0",
      "license": "MIT"
    },
    "node_modules/is-reference": {
      "version": "3.0.3",
      "license": "MIT",
      "dependencies": {
        "@types/estree": "^1.0.6"
      }
    },
    "node_modules/kleur": {
      "version": "4.1.5",
      "dev": true,
      "license": "MIT",
      "engines": {
        "node": ">=6"
      }
    },
    "node_modules/locate-character": {
      "version": "3.0.0",
      "license": "MIT"
    },
    "node_modules/lodash.clonedeep": {
      "version": "4.5.0",
      "dev": true,
      "license": "MIT"
    },
    "node_modules/lodash.get": {
      "version": "4.4.2",
      "dev": true,
      "license": "MIT"
    },
    "node_modules/lodash.isequal": {
      "version": "4.5.0",
      "dev": true,
      "license": "MIT"
    },
    "node_modules/magic-string": {
      "version": "0.30.12",
      "license": "MIT",
      "dependencies": {
        "@jridgewell/sourcemap-codec": "^1.5.0"
      }
    },
    "node_modules/mdn-data": {
      "version": "2.0.30",
      "license": "CC0-1.0"
    },
    "node_modules/mini-svg-data-uri": {
      "version": "1.4.4",
      "license": "MIT",
      "bin": {
        "mini-svg-data-uri": "cli.js"
      }
    },
    "node_modules/ms": {
      "version": "2.1.3",
      "dev": true,
      "license": "MIT"
    },
    "node_modules/nanoid": {
      "version": "3.3.7",
      "dev": true,
      "funding": [
        {
          "type": "github",
          "url": "https://github.com/sponsors/ai"
        }
      ],
      "license": "MIT",
      "bin": {
        "nanoid": "bin/nanoid.cjs"
      },
      "engines": {
        "node": "^10 || ^12 || ^13.7 || ^14 || >=15.0.1"
      }
    },
    "node_modules/path-parse": {
      "version": "1.0.7",
      "license": "MIT"
    },
    "node_modules/periscopic": {
      "version": "3.1.0",
      "license": "MIT",
      "dependencies": {
        "@types/estree": "^1.0.0",
        "estree-walker": "^3.0.0",
        "is-reference": "^3.0.0"
      }
    },
    "node_modules/picocolors": {
      "version": "1.1.1",
      "dev": true,
      "license": "ISC"
    },
    "node_modules/picomatch": {
      "version": "4.0.2",
      "license": "MIT",
      "engines": {
        "node": ">=12"
      },
      "funding": {
        "url": "https://github.com/sponsors/jonschlinkert"
      }
    },
    "node_modules/postcss": {
      "version": "8.4.49",
      "dev": true,
      "funding": [
        {
          "type": "opencollective",
          "url": "https://opencollective.com/postcss/"
        },
        {
          "type": "tidelift",
          "url": "https://tidelift.com/funding/github/npm/postcss"
        },
        {
          "type": "github",
          "url": "https://github.com/sponsors/ai"
        }
      ],
      "license": "MIT",
      "dependencies": {
        "nanoid": "^3.3.7",
        "picocolors": "^1.1.1",
        "source-map-js": "^1.2.1"
      },
      "engines": {
        "node": "^10 || ^12 || >=14"
      }
    },
    "node_modules/resolve": {
      "version": "1.22.8",
      "license": "MIT",
      "dependencies": {
        "is-core-module": "^2.13.0",
        "path-parse": "^1.0.7",
        "supports-preserve-symlinks-flag": "^1.0.0"
      },
      "bin": {
        "resolve": "bin/resolve"
      },
      "funding": {
        "url": "https://github.com/sponsors/ljharb"
      }
    },
    "node_modules/rollup": {
      "version": "4.26.0",
      "devOptional": true,
      "license": "MIT",
      "dependencies": {
        "@types/estree": "1.0.6"
      },
      "bin": {
        "rollup": "dist/bin/rollup"
      },
      "engines": {
        "node": ">=18.0.0",
        "npm": ">=8.0.0"
      },
      "optionalDependencies": {
        "@rollup/rollup-android-arm-eabi": "4.26.0",
        "@rollup/rollup-android-arm64": "4.26.0",
        "@rollup/rollup-darwin-arm64": "4.26.0",
        "@rollup/rollup-darwin-x64": "4.26.0",
        "@rollup/rollup-freebsd-arm64": "4.26.0",
        "@rollup/rollup-freebsd-x64": "4.26.0",
        "@rollup/rollup-linux-arm-gnueabihf": "4.26.0",
        "@rollup/rollup-linux-arm-musleabihf": "4.26.0",
        "@rollup/rollup-linux-arm64-gnu": "4.26.0",
        "@rollup/rollup-linux-arm64-musl": "4.26.0",
        "@rollup/rollup-linux-powerpc64le-gnu": "4.26.0",
        "@rollup/rollup-linux-riscv64-gnu": "4.26.0",
        "@rollup/rollup-linux-s390x-gnu": "4.26.0",
        "@rollup/rollup-linux-x64-gnu": "4.26.0",
        "@rollup/rollup-linux-x64-musl": "4.26.0",
        "@rollup/rollup-win32-arm64-msvc": "4.26.0",
        "@rollup/rollup-win32-ia32-msvc": "4.26.0",
        "@rollup/rollup-win32-x64-msvc": "4.26.0",
        "fsevents": "~2.3.2"
      }
    },
    "node_modules/rollup/node_modules/@rollup/rollup-win32-x64-msvc": {
      "version": "4.26.0",
      "resolved": "https://registry.npmjs.org/@rollup/rollup-win32-x64-msvc/-/rollup-win32-x64-msvc-4.26.0.tgz",
      "integrity": "sha512-2x8MO1rm4PGEP0xWbubJW5RtbNLk3puzAMaLQd3B3JHVw4KcHlmXcO+Wewx9zCoo7EUFiMlu/aZbCJ7VjMzAag==",
      "cpu": [
        "x64"
      ],
      "dev": true,
      "optional": true,
      "os": [
        "win32"
      ]
    },
    "node_modules/siema": {
      "version": "1.5.1",
      "license": "MIT"
    },
    "node_modules/source-map-js": {
      "version": "1.2.1",
      "license": "BSD-3-Clause",
      "engines": {
        "node": ">=0.10.0"
      }
    },
    "node_modules/supports-preserve-symlinks-flag": {
      "version": "1.0.0",
      "license": "MIT",
      "engines": {
        "node": ">= 0.4"
      },
      "funding": {
        "url": "https://github.com/sponsors/ljharb"
      }
    },
    "node_modules/svelte": {
      "version": "4.2.19",
      "license": "MIT",
      "dependencies": {
        "@ampproject/remapping": "^2.2.1",
        "@jridgewell/sourcemap-codec": "^1.4.15",
        "@jridgewell/trace-mapping": "^0.3.18",
        "@types/estree": "^1.0.1",
        "acorn": "^8.9.0",
        "aria-query": "^5.3.0",
        "axobject-query": "^4.0.0",
        "code-red": "^1.0.3",
        "css-tree": "^2.3.1",
        "estree-walker": "^3.0.3",
        "is-reference": "^3.0.1",
        "locate-character": "^3.0.0",
        "magic-string": "^0.30.4",
        "periscopic": "^3.1.0"
      },
      "engines": {
        "node": ">=16"
      }
    },
    "node_modules/svelte-carousel": {
      "version": "1.0.25",
      "dev": true,
      "license": "Apache-2.0",
      "dependencies": {
        "easy-reactive": "1.0.4"
      }
    },
    "node_modules/svelte-hmr": {
      "version": "0.16.0",
      "dev": true,
      "license": "ISC",
      "engines": {
        "node": "^12.20 || ^14.13.1 || >= 16"
      },
      "peerDependencies": {
        "svelte": "^3.19.0 || ^4.0.0"
      }
    },
    "node_modules/svg.draggable.js": {
      "version": "2.2.2",
      "license": "MIT",
      "dependencies": {
        "svg.js": "^2.0.1"
      },
      "engines": {
        "node": ">= 0.8.0"
      }
    },
    "node_modules/svg.easing.js": {
      "version": "2.0.0",
      "license": "MIT",
      "dependencies": {
        "svg.js": ">=2.3.x"
      },
      "engines": {
        "node": ">= 0.8.0"
      }
    },
    "node_modules/svg.filter.js": {
      "version": "2.0.2",
      "license": "MIT",
      "dependencies": {
        "svg.js": "^2.2.5"
      },
      "engines": {
        "node": ">= 0.8.0"
      }
    },
    "node_modules/svg.js": {
      "version": "2.7.1",
      "license": "MIT"
    },
    "node_modules/svg.pathmorphing.js": {
      "version": "0.1.3",
      "license": "MIT",
      "dependencies": {
        "svg.js": "^2.4.0"
      },
      "engines": {
        "node": ">= 0.8.0"
      }
    },
    "node_modules/svg.resize.js": {
      "version": "1.4.3",
      "license": "MIT",
      "dependencies": {
        "svg.js": "^2.6.5",
        "svg.select.js": "^2.1.2"
      },
      "engines": {
        "node": ">= 0.8.0"
      }
    },
    "node_modules/svg.resize.js/node_modules/svg.select.js": {
      "version": "2.1.2",
      "license": "MIT",
      "dependencies": {
        "svg.js": "^2.2.5"
      },
      "engines": {
        "node": ">= 0.8.0"
      }
    },
    "node_modules/svg.select.js": {
      "version": "3.0.1",
      "license": "MIT",
      "dependencies": {
        "svg.js": "^2.6.5"
      },
      "engines": {
        "node": ">= 0.8.0"
      }
    },
    "node_modules/tailwind-merge": {
      "version": "2.5.4",
      "license": "MIT",
      "funding": {
        "type": "github",
        "url": "https://github.com/sponsors/dcastil"
      }
    },
    "node_modules/vite": {
      "version": "5.4.11",
      "dev": true,
      "license": "MIT",
      "dependencies": {
        "esbuild": "^0.21.3",
        "postcss": "^8.4.43",
        "rollup": "^4.20.0"
      },
      "bin": {
        "vite": "bin/vite.js"
      },
      "engines": {
        "node": "^18.0.0 || >=20.0.0"
      },
      "funding": {
        "url": "https://github.com/vitejs/vite?sponsor=1"
      },
      "optionalDependencies": {
        "fsevents": "~2.3.3"
      },
      "peerDependencies": {
        "@types/node": "^18.0.0 || >=20.0.0",
        "less": "*",
        "lightningcss": "^1.21.0",
        "sass": "*",
        "sass-embedded": "*",
        "stylus": "*",
        "sugarss": "*",
        "terser": "^5.4.0"
      },
      "peerDependenciesMeta": {
        "@types/node": {
          "optional": true
        },
        "less": {
          "optional": true
        },
        "lightningcss": {
          "optional": true
        },
        "sass": {
          "optional": true
        },
        "sass-embedded": {
          "optional": true
        },
        "stylus": {
          "optional": true
        },
        "sugarss": {
          "optional": true
        },
        "terser": {
          "optional": true
        }
      }
    },
    "node_modules/vitefu": {
      "version": "0.2.5",
      "dev": true,
      "license": "MIT",
      "peerDependencies": {
        "vite": "^3.0.0 || ^4.0.0 || ^5.0.0"
      },
      "peerDependenciesMeta": {
        "vite": {
          "optional": true
        }
      }
    }
  }
}
